{
  "requires": true,
  "lockfileVersion": 1,
  "dependencies": {
    "@mobiscroll/react-lite": {
      "version": "4.8.1",
      "resolved": "https://registry.npmjs.org/@mobiscroll/react-lite/-/react-lite-4.8.1.tgz",
      "integrity": "sha512-3vorcH5m3aL/YDqtWT0M4y1ixmAGoZ325mqiBj6poS0cLtgnP18Ax5o7fr9oTvUDRzxDSqfxZZ7rpT5kHl/TRw=="
    },
    "classnames": {
      "version": "2.2.6",
      "resolved": "https://registry.npmjs.org/classnames/-/classnames-2.2.6.tgz",
      "integrity": "sha512-JR/iSQOSt+LQIWwrwEzJ9uk0xfN3mTVYMwt1Ir5mUcSN6pU+V4zQFFaJsclJbPuAUQH+yfWef6tm7l1quW3C8Q=="
    },
    "primeicons": {
      "version": "2.0.0",
      "resolved": "https://registry.npmjs.org/primeicons/-/primeicons-2.0.0.tgz",
      "integrity": "sha512-GJTCeMSQU8UU1GqbsaDrg/IH+b/vSinJQl52NVpdJ7sShYLZA8Eq6jLF48Ye3N/dQloGrE07i7XsZvxQ9pNbqg=="
    },
    "primereact": {
      "version": "3.2.0",
      "resolved": "https://registry.npmjs.org/primereact/-/primereact-3.2.0.tgz",
      "integrity": "sha512-apQFqvvZXz1oOf7up3+J1iOSBZWQ3iNGP0r/1I2hgKQEToEkeGr2usHBqQYzjnX9yJLKg7Jl29R07ZpKlgM3NQ=="
    },
    "react-geocode": {
      "version": "0.2.1",
      "resolved": "https://registry.npmjs.org/react-geocode/-/react-geocode-0.2.1.tgz",
      "integrity": "sha512-kipHpIA1w0XbQ2x6BOpLsup9kui6yjjAaXigCtom85xiKDB2KqDlxYx7dzd68Hxd5KG27nSFiWNRLosjKVg6VQ==",
      "requires": {
        "regenerator-runtime": "^0.13.3"
      }
    },
    "regenerator-runtime": {
      "version": "0.13.3",
      "resolved": "https://registry.npmjs.org/regenerator-runtime/-/regenerator-runtime-0.13.3.tgz",
      "integrity": "sha512-naKIZz2GQ8JWh///G7L3X6LaQUAMp2lvb1rvwwsURe/VXwD6VMfr+/1NuNw3ag8v2kY1aQ/go5SNn79O9JU7yw=="
    }
  }
}
